
Microsoft Visual Studio Solution File, Format Version 12.00
# Visual Studio Version 17
VisualStudioVersion = 17.9.34310.174
MinimumVisualStudioVersion = 10.0.40219.1
Project("{FAE04EC0-301F-11D3-BF4B-00C04F79EFBC}") = "DemoDotnet8BlazorQuickGrid", "DemoDotnet8BlazorQuickGrid\DemoDotnet8BlazorQuickGrid.csproj", "{5B581DA3-A088-4747-946B-8F6B4258E365}"
EndProject
Global
	GlobalSection(SolutionConfigurationPlatforms) = preSolution
		Debug|Any CPU = Debug|Any CPU
		Release|Any CPU = Release|Any CPU
	EndGlobalSection
	GlobalSection(ProjectConfigurationPlatforms) = postSolution
		{5B581DA3-A088-4747-946B-8F6B4258E365}.Debug|Any CPU.ActiveCfg = Debug|Any CPU
		{5B581DA3-A088-4747-946B-8F6B4258E365}.Debug|Any CPU.Build.0 = Debug|Any CPU
		{5B581DA3-A088-4747-946B-8F6B4258E365}.Release|Any CPU.ActiveCfg = Release|Any CPU
		{5B581DA3-A088-4747-946B-8F6B4258E365}.Release|Any CPU.Build.0 = Release|Any CPU
	EndGlobalSection
	GlobalSection(SolutionProperties) = preSolution
		HideSolutionNode = FALSE
	EndGlobalSection
	GlobalSection(ExtensibilityGlobals) = postSolution
		SolutionGuid = {96912B77-91E5-4C18-9C93-C999C1A43FB8}
	EndGlobalSection
EndGlobal
